{
  "name": "christmas-lights",
  "version": "0.1.0",
  "lockfileVersion": 1,
  "requires": true,
  "dependencies": {
    "dat.gui": {
      "version": "0.7.3",
      "resolved": "https://registry.npmjs.org/dat.gui/-/dat.gui-0.7.3.tgz",
      "integrity": "sha512-VfVWUcuTwae6/MTia/s2aPB1NLZXA2Gz6PiVyYOrVfODbXJLNAkVjn0aiuxx08cR68ucOuwrNXXt0m9MNVJvkQ=="
    },
    "facon": {
      "version": "2.0.0",
      "resolved": "https://registry.npmjs.org/facon/-/facon-2.0.0.tgz",
      "integrity": "sha512-Q1zdJ3Y6kWshbr9Z2T+rdyO9A7P96W+FWd24Xlr6lT8LU+xOs2irfodgTD1r5Fv1k4shu0NXdSWqDEZ8hI5Erg=="
    }
  }
}
